
Microsoft Visual Studio Solution File, Format Version 12.00
# Visual Studio 14
VisualStudioVersion = 14.0.25420.1
MinimumVisualStudioVersion = 10.0.40219.1
Project("{FAE04EC0-301F-11D3-BF4B-00C04F79EFBC}") = "WebApi.OutputCache.Core", "WebApi.OutputCache.Core\WebApi.OutputCache.Core.csproj", "{3E45FA0B-C465-4DE9-9BC3-40A606B73E84}"
EndProject
Project("{FAE04EC0-301F-11D3-BF4B-00C04F79EFBC}") = "WebApi.OutputCache.V2", "WebApi.OutputCache.V2\WebApi.OutputCache.V2.csproj", "{7A6F57F6-38E1-4287-812E-AD7D1025BA5E}"
EndProject
Project("{FAE04EC0-301F-11D3-BF4B-00C04F79EFBC}") = "WebApi.OutputCache.V2.Tests", "WebApi.OutputCache.V2.Tests\WebApi.OutputCache.V2.Tests.csproj", "{1267460B-C100-48AD-B2E2-9DDE2E40F052}"
EndProject
Global
	GlobalSection(SolutionConfigurationPlatforms) = preSolution
		Debug|Any CPU = Debug|Any CPU
		Release|Any CPU = Release|Any CPU
	EndGlobalSection
	GlobalSection(ProjectConfigurationPlatforms) = postSolution
		{3E45FA0B-C465-4DE9-9BC3-40A606B73E84}.Debug|Any CPU.ActiveCfg = Debug|Any CPU
		{3E45FA0B-C465-4DE9-9BC3-40A606B73E84}.Debug|Any CPU.Build.0 = Debug|Any CPU
		{3E45FA0B-C465-4DE9-9BC3-40A606B73E84}.Release|Any CPU.ActiveCfg = Release|Any CPU
		{3E45FA0B-C465-4DE9-9BC3-40A606B73E84}.Release|Any CPU.Build.0 = Release|Any CPU
		{7A6F57F6-38E1-4287-812E-AD7D1025BA5E}.Debug|Any CPU.ActiveCfg = Debug|Any CPU
		{7A6F57F6-38E1-4287-812E-AD7D1025BA5E}.Debug|Any CPU.Build.0 = Debug|Any CPU
		{7A6F57F6-38E1-4287-812E-AD7D1025BA5E}.Release|Any CPU.ActiveCfg = Release|Any CPU
		{7A6F57F6-38E1-4287-812E-AD7D1025BA5E}.Release|Any CPU.Build.0 = Release|Any CPU
		{1267460B-C100-48AD-B2E2-9DDE2E40F052}.Debug|Any CPU.ActiveCfg = Debug|Any CPU
		{1267460B-C100-48AD-B2E2-9DDE2E40F052}.Debug|Any CPU.Build.0 = Debug|Any CPU
		{1267460B-C100-48AD-B2E2-9DDE2E40F052}.Release|Any CPU.ActiveCfg = Release|Any CPU
		{1267460B-C100-48AD-B2E2-9DDE2E40F052}.Release|Any CPU.Build.0 = Release|Any CPU
	EndGlobalSection
	GlobalSection(SolutionProperties) = preSolution
		HideSolutionNode = FALSE
	EndGlobalSection
EndGlobal
